
Microsoft Visual Studio Solution File, Format Version 12.00
# Visual Studio Version 16
VisualStudioVersion = 16.0.30907.101
MinimumVisualStudioVersion = 10.0.40219.1
Project("{FAE04EC0-301F-11D3-BF4B-00C04F79EFBC}") = "TDDcom450", "TDDcom450\TDDcom450.csproj", "{2746B2C6-4F66-4D67-8621-A2596FC0AFE7}"
EndProject
Project("{FAE04EC0-301F-11D3-BF4B-00C04F79EFBC}") = "UnitTestTDD", "UnitTestTDD\UnitTestTDD.csproj", "{DD5545EB-F380-4EA3-959F-9D931B4D68CB}"
EndProject
Global
	GlobalSection(SolutionConfigurationPlatforms) = preSolution
		Debug|Any CPU = Debug|Any CPU
		Release|Any CPU = Release|Any CPU
	EndGlobalSection
	GlobalSection(ProjectConfigurationPlatforms) = postSolution
		{2746B2C6-4F66-4D67-8621-A2596FC0AFE7}.Debug|Any CPU.ActiveCfg = Debug|Any CPU
		{2746B2C6-4F66-4D67-8621-A2596FC0AFE7}.Debug|Any CPU.Build.0 = Debug|Any CPU
		{2746B2C6-4F66-4D67-8621-A2596FC0AFE7}.Release|Any CPU.ActiveCfg = Release|Any CPU
		{2746B2C6-4F66-4D67-8621-A2596FC0AFE7}.Release|Any CPU.Build.0 = Release|Any CPU
		{DD5545EB-F380-4EA3-959F-9D931B4D68CB}.Debug|Any CPU.ActiveCfg = Debug|Any CPU
		{DD5545EB-F380-4EA3-959F-9D931B4D68CB}.Debug|Any CPU.Build.0 = Debug|Any CPU
		{DD5545EB-F380-4EA3-959F-9D931B4D68CB}.Release|Any CPU.ActiveCfg = Release|Any CPU
		{DD5545EB-F380-4EA3-959F-9D931B4D68CB}.Release|Any CPU.Build.0 = Release|Any CPU
	EndGlobalSection
	GlobalSection(SolutionProperties) = preSolution
		HideSolutionNode = FALSE
	EndGlobalSection
	GlobalSection(ExtensibilityGlobals) = postSolution
		SolutionGuid = {D547A4D1-4DFD-4518-B35A-9C4563C86E19}
	EndGlobalSection
EndGlobal
